// !$*UTF8*$!
{
	archiveVersion = 1;
	classes = {
	};
	objectVersion = 70;
	objects = {

/* Begin PBXBuildFile section */
		8742DC3E2D933EB500C35547 /* HighScoreViewController.swift in Sources */ = {isa = PBXBuildFile; fileRef = 8742DC3D2D933EB500C35547 /* HighScoreViewController.swift */; };
		8742DC4A2D93704200C35547 /* File.txt in Resources */ = {isa = PBXBuildFile; fileRef = 8742DC492D93704200C35547 /* File.txt */; };
		876B61CA2D9219F300D0A2AD /* cooking.json in Resources */ = {isa = PBXBuildFile; fileRef = 876B61C92D9219DA00D0A2AD /* cooking.json */; };
		876B61CC2D921ADD00D0A2AD /* sailing.json in Resources */ = {isa = PBXBuildFile; fileRef = 876B61CB2D921AD200D0A2AD /* sailing.json */; };
		87CEEFD62D91D88900A7FBAC /* word.json in Resources */ = {isa = PBXBuildFile; fileRef = 87CEEFD52D91D87E00A7FBAC /* word.json */; };
		87CEEFD82D91D8B700A7FBAC /* Dictionary.swift in Sources */ = {isa = PBXBuildFile; fileRef = 87CEEFD72D91D8B700A7FBAC /* Dictionary.swift */; };
		87CEEFDA2D92102900A7FBAC /* computer_words.json in Resources */ = {isa = PBXBuildFile; fileRef = 87CEEFD92D92101000A7FBAC /* computer_words.json */; };
		87CEEFDC2D92181900A7FBAC /* nature.json in Resources */ = {isa = PBXBuildFile; fileRef = 87CEEFDB2D92180C00A7FBAC /* nature.json */; };
		8DA8F0442D92B26C00FD4CDC /* WordApp-loggo.png in Resources */ = {isa = PBXBuildFile; fileRef = 8DA8F0432D92B26C00FD4CDC /* WordApp-loggo.png */; };
		8DA8F0462D92C03800FD4CDC /* AboutViewController.swift in Sources */ = {isa = PBXBuildFile; fileRef = 8DA8F0452D92C03800FD4CDC /* AboutViewController.swift */; };
		8DA8F0482D92D21300FD4CDC /* button-click.mp3 in Resources */ = {isa = PBXBuildFile; fileRef = 8DA8F0472D92D21300FD4CDC /* button-click.mp3 */; };
		A443796D2D92E26E0022C0D8 /* GameViewController.swift in Sources */ = {isa = PBXBuildFile; fileRef = A443796C2D92E26E0022C0D8 /* GameViewController.swift */; };
		A4DAAAED2D9195BB00BC56D3 /* AppDelegate.swift in Sources */ = {isa = PBXBuildFile; fileRef = A4DAAAEC2D9195BB00BC56D3 /* AppDelegate.swift */; };
		A4DAAAEF2D9195BB00BC56D3 /* SceneDelegate.swift in Sources */ = {isa = PBXBuildFile; fileRef = A4DAAAEE2D9195BB00BC56D3 /* SceneDelegate.swift */; };
		A4DAAAF12D9195BB00BC56D3 /* ViewController.swift in Sources */ = {isa = PBXBuildFile; fileRef = A4DAAAF02D9195BB00BC56D3 /* ViewController.swift */; };
		A4DAAAF42D9195BB00BC56D3 /* Main.storyboard in Resources */ = {isa = PBXBuildFile; fileRef = A4DAAAF22D9195BB00BC56D3 /* Main.storyboard */; };
		A4DAAAF62D9195BC00BC56D3 /* Assets.xcassets in Resources */ = {isa = PBXBuildFile; fileRef = A4DAAAF52D9195BC00BC56D3 /* Assets.xcassets */; };
		A4DAAAF92D9195BC00BC56D3 /* LaunchScreen.storyboard in Resources */ = {isa = PBXBuildFile; fileRef = A4DAAAF72D9195BC00BC56D3 /* LaunchScreen.storyboard */; };
/* End PBXBuildFile section */

/* Begin PBXFileReference section */
		8742DC3D2D933EB500C35547 /* HighScoreViewController.swift */ = {isa = PBXFileReference; lastKnownFileType = sourcecode.swift; path = HighScoreViewController.swift; sourceTree = "<group>"; };
		8742DC492D93704200C35547 /* File.txt */ = {isa = PBXFileReference; lastKnownFileType = text; path = File.txt; sourceTree = "<group>"; };
		876B61C92D9219DA00D0A2AD /* cooking.json */ = {isa = PBXFileReference; lastKnownFileType = text.json; path = cooking.json; sourceTree = "<group>"; };
		876B61CB2D921AD200D0A2AD /* sailing.json */ = {isa = PBXFileReference; lastKnownFileType = text.json; path = sailing.json; sourceTree = "<group>"; };
		87CEEFD52D91D87E00A7FBAC /* word.json */ = {isa = PBXFileReference; lastKnownFileType = text.json; path = word.json; sourceTree = "<group>"; };
		87CEEFD72D91D8B700A7FBAC /* Dictionary.swift */ = {isa = PBXFileReference; lastKnownFileType = sourcecode.swift; path = Dictionary.swift; sourceTree = "<group>"; };
		87CEEFD92D92101000A7FBAC /* computer_words.json */ = {isa = PBXFileReference; lastKnownFileType = text.json; path = computer_words.json; sourceTree = "<group>"; };
		87CEEFDB2D92180C00A7FBAC /* nature.json */ = {isa = PBXFileReference; lastKnownFileType = text.json; path = nature.json; sourceTree = "<group>"; };
		8DA8F0432D92B26C00FD4CDC /* WordApp-loggo.png */ = {isa = PBXFileReference; lastKnownFileType = image.png; path = "WordApp-loggo.png"; sourceTree = "<group>"; };
		8DA8F0452D92C03800FD4CDC /* AboutViewController.swift */ = {isa = PBXFileReference; lastKnownFileType = sourcecode.swift; path = AboutViewController.swift; sourceTree = "<group>"; };
		8DA8F0472D92D21300FD4CDC /* button-click.mp3 */ = {isa = PBXFileReference; lastKnownFileType = audio.mp3; path = "button-click.mp3"; sourceTree = "<group>"; };
		A443796C2D92E26E0022C0D8 /* GameViewController.swift */ = {isa = PBXFileReference; lastKnownFileType = sourcecode.swift; path = GameViewController.swift; sourceTree = "<group>"; };
		A4DAAAE92D9195BB00BC56D3 /* WordApp.app */ = {isa = PBXFileReference; explicitFileType = wrapper.application; includeInIndex = 0; path = WordApp.app; sourceTree = BUILT_PRODUCTS_DIR; };
		A4DAAAEC2D9195BB00BC56D3 /* AppDelegate.swift */ = {isa = PBXFileReference; lastKnownFileType = sourcecode.swift; path = AppDelegate.swift; sourceTree = "<group>"; };
		A4DAAAEE2D9195BB00BC56D3 /* SceneDelegate.swift */ = {isa = PBXFileReference; lastKnownFileType = sourcecode.swift; path = SceneDelegate.swift; sourceTree = "<group>"; };
		A4DAAAF02D9195BB00BC56D3 /* ViewController.swift */ = {isa = PBXFileReference; lastKnownFileType = sourcecode.swift; path = ViewController.swift; sourceTree = "<group>"; };
		A4DAAAF32D9195BB00BC56D3 /* Base */ = {isa = PBXFileReference; lastKnownFileType = file.storyboard; name = Base; path = Base.lproj/Main.storyboard; sourceTree = "<group>"; };
		A4DAAAF52D9195BC00BC56D3 /* Assets.xcassets */ = {isa = PBXFileReference; lastKnownFileType = folder.assetcatalog; path = Assets.xcassets; sourceTree = "<group>"; };
		A4DAAAF82D9195BC00BC56D3 /* Base */ = {isa = PBXFileReference; lastKnownFileType = file.storyboard; name = Base; path = Base.lproj/LaunchScreen.storyboard; sourceTree = "<group>"; };
		A4DAAAFA2D9195BC00BC56D3 /* Info.plist */ = {isa = PBXFileReference; lastKnownFileType = text.plist.xml; path = Info.plist; sourceTree = "<group>"; };
/* End PBXFileReference section */

/* Begin PBXFileSystemSynchronizedRootGroup section */
		8742DC3F2D93507100C35547 /* Data */ = {isa = PBXFileSystemSynchronizedRootGroup; explicitFileTypes = {}; explicitFolders = (); path = Data; sourceTree = "<group>"; };
/* End PBXFileSystemSynchronizedRootGroup section */

/* Begin PBXFrameworksBuildPhase section */
		A4DAAAE62D9195BB00BC56D3 /* Frameworks */ = {
			isa = PBXFrameworksBuildPhase;
			buildActionMask = 2147483647;
			files = (
			);
			runOnlyForDeploymentPostprocessing = 0;
		};
/* End PBXFrameworksBuildPhase section */

/* Begin PBXGroup section */
		876B61C82D92197500D0A2AD /* dictionaries */ = {
			isa = PBXGroup;
			children = (
				876B61CB2D921AD200D0A2AD /* sailing.json */,
				876B61C92D9219DA00D0A2AD /* cooking.json */,
				87CEEFDB2D92180C00A7FBAC /* nature.json */,
				87CEEFD92D92101000A7FBAC /* computer_words.json */,
				87CEEFD52D91D87E00A7FBAC /* word.json */,
				8DA8F0452D92C03800FD4CDC /* AboutViewController.swift */,
			);
			path = dictionaries;
			sourceTree = "<group>";
		};
		A4DAAAE02D9195BB00BC56D3 = {
			isa = PBXGroup;
			children = (
				A4DAAAEB2D9195BB00BC56D3 /* WordApp */,
				A4DAAAEA2D9195BB00BC56D3 /* Products */,
			);
			sourceTree = "<group>";
		};
		A4DAAAEA2D9195BB00BC56D3 /* Products */ = {
			isa = PBXGroup;
			children = (
				A4DAAAE92D9195BB00BC56D3 /* WordApp.app */,
			);
			name = Products;
			sourceTree = "<group>";
		};
		A4DAAAEB2D9195BB00BC56D3 /* WordApp */ = {
			isa = PBXGroup;
			children = (
				8742DC3F2D93507100C35547 /* Data */,
				876B61C82D92197500D0A2AD /* dictionaries */,
				A4DAAAEC2D9195BB00BC56D3 /* AppDelegate.swift */,
				87CEEFD72D91D8B700A7FBAC /* Dictionary.swift */,
				A4DAAAEE2D9195BB00BC56D3 /* SceneDelegate.swift */,
				A4DAAAF02D9195BB00BC56D3 /* ViewController.swift */,
				A4DAAAF22D9195BB00BC56D3 /* Main.storyboard */,
				8742DC3D2D933EB500C35547 /* HighScoreViewController.swift */,
				A4DAAAF52D9195BC00BC56D3 /* Assets.xcassets */,
				8742DC492D93704200C35547 /* File.txt */,
				A4DAAAF72D9195BC00BC56D3 /* LaunchScreen.storyboard */,
				A4DAAAFA2D9195BC00BC56D3 /* Info.plist */,
				8DA8F0432D92B26C00FD4CDC /* WordApp-loggo.png */,
				8DA8F0472D92D21300FD4CDC /* button-click.mp3 */,
				A443796C2D92E26E0022C0D8 /* GameViewController.swift */,
			);
			path = WordApp;
			sourceTree = "<group>";
		};
/* End PBXGroup section */

/* Begin PBXNativeTarget section */
		A4DAAAE82D9195BB00BC56D3 /* WordApp */ = {
			isa = PBXNativeTarget;
			buildConfigurationList = A4DAAAFD2D9195BC00BC56D3 /* Build configuration list for PBXNativeTarget "WordApp" */;
			buildPhases = (
				A4DAAAE52D9195BB00BC56D3 /* Sources */,
				A4DAAAE62D9195BB00BC56D3 /* Frameworks */,
				A4DAAAE72D9195BB00BC56D3 /* Resources */,
			);
			buildRules = (
			);
			dependencies = (
			);
			fileSystemSynchronizedGroups = (
				8742DC3F2D93507100C35547 /* Data */,
			);
			name = WordApp;
			productName = WordApp;
			productReference = A4DAAAE92D9195BB00BC56D3 /* WordApp.app */;
			productType = "com.apple.product-type.application";
		};
/* End PBXNativeTarget section */

/* Begin PBXProject section */
		A4DAAAE12D9195BB00BC56D3 /* Project object */ = {
			isa = PBXProject;
			attributes = {
				BuildIndependentTargetsInParallel = 1;
				LastSwiftUpdateCheck = 1520;
				LastUpgradeCheck = 1520;
				TargetAttributes = {
					A4DAAAE82D9195BB00BC56D3 = {
						CreatedOnToolsVersion = 15.2;
					};
				};
			};
			buildConfigurationList = A4DAAAE42D9195BB00BC56D3 /* Build configuration list for PBXProject "WordApp" */;
			compatibilityVersion = "Xcode 14.0";
			developmentRegion = en;
			hasScannedForEncodings = 0;
			knownRegions = (
				en,
				Base,
			);
			mainGroup = A4DAAAE02D9195BB00BC56D3;
			productRefGroup = A4DAAAEA2D9195BB00BC56D3 /* Products */;
			projectDirPath = "";
			projectRoot = "";
			targets = (
				A4DAAAE82D9195BB00BC56D3 /* WordApp */,
			);
		};
/* End PBXProject section */

/* Begin PBXResourcesBuildPhase section */
		A4DAAAE72D9195BB00BC56D3 /* Resources */ = {
			isa = PBXResourcesBuildPhase;
			buildActionMask = 2147483647;
			files = (
				A4DAAAF92D9195BC00BC56D3 /* LaunchScreen.storyboard in Resources */,
				87CEEFD62D91D88900A7FBAC /* word.json in Resources */,
				8742DC4A2D93704200C35547 /* File.txt in Resources */,
				A4DAAAF62D9195BC00BC56D3 /* Assets.xcassets in Resources */,
				8DA8F0482D92D21300FD4CDC /* button-click.mp3 in Resources */,
				876B61CC2D921ADD00D0A2AD /* sailing.json in Resources */,
				87CEEFDA2D92102900A7FBAC /* computer_words.json in Resources */,
				8DA8F0442D92B26C00FD4CDC /* WordApp-loggo.png in Resources */,
				87CEEFDC2D92181900A7FBAC /* nature.json in Resources */,
				A4DAAAF42D9195BB00BC56D3 /* Main.storyboard in Resources */,
				876B61CA2D9219F300D0A2AD /* cooking.json in Resources */,
			);
			runOnlyForDeploymentPostprocessing = 0;
		};
/* End PBXResourcesBuildPhase section */

/* Begin PBXSourcesBuildPhase section */
		A4DAAAE52D9195BB00BC56D3 /* Sources */ = {
			isa = PBXSourcesBuildPhase;
			buildActionMask = 2147483647;
			files = (
				A4DAAAF12D9195BB00BC56D3 /* ViewController.swift in Sources */,
				8742DC3E2D933EB500C35547 /* HighScoreViewController.swift in Sources */,
				87CEEFD82D91D8B700A7FBAC /* Dictionary.swift in Sources */,
				A4DAAAED2D9195BB00BC56D3 /* AppDelegate.swift in Sources */,
				8DA8F0462D92C03800FD4CDC /* AboutViewController.swift in Sources */,
				A443796D2D92E26E0022C0D8 /* GameViewController.swift in Sources */,
				A4DAAAEF2D9195BB00BC56D3 /* SceneDelegate.swift in Sources */,
			);
			runOnlyForDeploymentPostprocessing = 0;
		};
/* End PBXSourcesBuildPhase section */

/* Begin PBXVariantGroup section */
		A4DAAAF22D9195BB00BC56D3 /* Main.storyboard */ = {
			isa = PBXVariantGroup;
			children = (
				A4DAAAF32D9195BB00BC56D3 /* Base */,
			);
			name = Main.storyboard;
			sourceTree = "<group>";
		};
		A4DAAAF72D9195BC00BC56D3 /* LaunchScreen.storyboard */ = {
			isa = PBXVariantGroup;
			children = (
				A4DAAAF82D9195BC00BC56D3 /* Base */,
			);
			name = LaunchScreen.storyboard;
			sourceTree = "<group>";
		};
/* End PBXVariantGroup section */

/* Begin XCBuildConfiguration section */
		A4DAAAFB2D9195BC00BC56D3 /* Debug */ = {
			isa = XCBuildConfiguration;
			buildSettings = {
				ALWAYS_SEARCH_USER_PATHS = NO;
				ASSETCATALOG_COMPILER_GENERATE_SWIFT_ASSET_SYMBOL_EXTENSIONS = YES;
				CLANG_ANALYZER_NONNULL = YES;
				CLANG_ANALYZER_NUMBER_OBJECT_CONVERSION = YES_AGGRESSIVE;
				CLANG_CXX_LANGUAGE_STANDARD = "gnu++20";
				CLANG_ENABLE_MODULES = YES;
				CLANG_ENABLE_OBJC_ARC = YES;
				CLANG_ENABLE_OBJC_WEAK = YES;
				CLANG_WARN_BLOCK_CAPTURE_AUTORELEASING = YES;
				CLANG_WARN_BOOL_CONVERSION = YES;
				CLANG_WARN_COMMA = YES;
				CLANG_WARN_CONSTANT_CONVERSION = YES;
				CLANG_WARN_DEPRECATED_OBJC_IMPLEMENTATIONS = YES;
				CLANG_WARN_DIRECT_OBJC_ISA_USAGE = YES_ERROR;
				CLANG_WARN_DOCUMENTATION_COMMENTS = YES;
				CLANG_WARN_EMPTY_BODY = YES;
				CLANG_WARN_ENUM_CONVERSION = YES;
				CLANG_WARN_INFINITE_RECURSION = YES;
				CLANG_WARN_INT_CONVERSION = YES;
				CLANG_WARN_NON_LITERAL_NULL_CONVERSION = YES;
				CLANG_WARN_OBJC_IMPLICIT_RETAIN_SELF = YES;
				CLANG_WARN_OBJC_LITERAL_CONVERSION = YES;
				CLANG_WARN_OBJC_ROOT_CLASS = YES_ERROR;
				CLANG_WARN_QUOTED_INCLUDE_IN_FRAMEWORK_HEADER = YES;
				CLANG_WARN_RANGE_LOOP_ANALYSIS = YES;
				CLANG_WARN_STRICT_PROTOTYPES = YES;
				CLANG_WARN_SUSPICIOUS_MOVE = YES;
				CLANG_WARN_UNGUARDED_AVAILABILITY = YES_AGGRESSIVE;
				CLANG_WARN_UNREACHABLE_CODE = YES;
				CLANG_WARN__DUPLICATE_METHOD_MATCH = YES;
				COPY_PHASE_STRIP = NO;
				DEBUG_INFORMATION_FORMAT = dwarf;
				ENABLE_STRICT_OBJC_MSGSEND = YES;
				ENABLE_TESTABILITY = YES;
				ENABLE_USER_SCRIPT_SANDBOXING = YES;
				GCC_C_LANGUAGE_STANDARD = gnu17;
				GCC_DYNAMIC_NO_PIC = NO;
				GCC_NO_COMMON_BLOCKS = YES;
				GCC_OPTIMIZATION_LEVEL = 0;
				GCC_PREPROCESSOR_DEFINITIONS = (
					"DEBUG=1",
					"$(inherited)",
				);
				GCC_WARN_64_TO_32_BIT_CONVERSION = YES;
				GCC_WARN_ABOUT_RETURN_TYPE = YES_ERROR;
				GCC_WARN_UNDECLARED_SELECTOR = YES;
				GCC_WARN_UNINITIALIZED_AUTOS = YES_AGGRESSIVE;
				GCC_WARN_UNUSED_FUNCTION = YES;
				GCC_WARN_UNUSED_VARIABLE = YES;
				IPHONEOS_DEPLOYMENT_TARGET = 17.2;
				LOCALIZATION_PREFERS_STRING_CATALOGS = YES;
				MTL_ENABLE_DEBUG_INFO = INCLUDE_SOURCE;
				MTL_FAST_MATH = YES;
				ONLY_ACTIVE_ARCH = YES;
				SDKROOT = iphoneos;
				SWIFT_ACTIVE_COMPILATION_CONDITIONS = "DEBUG $(inherited)";
				SWIFT_OPTIMIZATION_LEVEL = "-Onone";
			};
			name = Debug;
		};
		A4DAAAFC2D9195BC00BC56D3 /* Release */ = {
			isa = XCBuildConfiguration;
			buildSettings = {
				ALWAYS_SEARCH_USER_PATHS = NO;
				ASSETCATALOG_COMPILER_GENERATE_SWIFT_ASSET_SYMBOL_EXTENSIONS = YES;
				CLANG_ANALYZER_NONNULL = YES;
				CLANG_ANALYZER_NUMBER_OBJECT_CONVERSION = YES_AGGRESSIVE;
				CLANG_CXX_LANGUAGE_STANDARD = "gnu++20";
				CLANG_ENABLE_MODULES = YES;
				CLANG_ENABLE_OBJC_ARC = YES;
				CLANG_ENABLE_OBJC_WEAK = YES;
				CLANG_WARN_BLOCK_CAPTURE_AUTORELEASING = YES;
				CLANG_WARN_BOOL_CONVERSION = YES;
				CLANG_WARN_COMMA = YES;
				CLANG_WARN_CONSTANT_CONVERSION = YES;
				CLANG_WARN_DEPRECATED_OBJC_IMPLEMENTATIONS = YES;
				CLANG_WARN_DIRECT_OBJC_ISA_USAGE = YES_ERROR;
				CLANG_WARN_DOCUMENTATION_COMMENTS = YES;
				CLANG_WARN_EMPTY_BODY = YES;
				CLANG_WARN_ENUM_CONVERSION = YES;
				CLANG_WARN_INFINITE_RECURSION = YES;
				CLANG_WARN_INT_CONVERSION = YES;
				CLANG_WARN_NON_LITERAL_NULL_CONVERSION = YES;
				CLANG_WARN_OBJC_IMPLICIT_RETAIN_SELF = YES;
				CLANG_WARN_OBJC_LITERAL_CONVERSION = YES;
				CLANG_WARN_OBJC_ROOT_CLASS = YES_ERROR;
				CLANG_WARN_QUOTED_INCLUDE_IN_FRAMEWORK_HEADER = YES;
				CLANG_WARN_RANGE_LOOP_ANALYSIS = YES;
				CLANG_WARN_STRICT_PROTOTYPES = YES;
				CLANG_WARN_SUSPICIOUS_MOVE = YES;
				CLANG_WARN_UNGUARDED_AVAILABILITY = YES_AGGRESSIVE;
				CLANG_WARN_UNREACHABLE_CODE = YES;
				CLANG_WARN__DUPLICATE_METHOD_MATCH = YES;
				COPY_PHASE_STRIP = NO;
				DEBUG_INFORMATION_FORMAT = "dwarf-with-dsym";
				ENABLE_NS_ASSERTIONS = NO;
				ENABLE_STRICT_OBJC_MSGSEND = YES;
				ENABLE_USER_SCRIPT_SANDBOXING = YES;
				GCC_C_LANGUAGE_STANDARD = gnu17;
				GCC_NO_COMMON_BLOCKS = YES;
				GCC_WARN_64_TO_32_BIT_CONVERSION = YES;
				GCC_WARN_ABOUT_RETURN_TYPE = YES_ERROR;
				GCC_WARN_UNDECLARED_SELECTOR = YES;
				GCC_WARN_UNINITIALIZED_AUTOS = YES_AGGRESSIVE;
				GCC_WARN_UNUSED_FUNCTION = YES;
				GCC_WARN_UNUSED_VARIABLE = YES;
				IPHONEOS_DEPLOYMENT_TARGET = 17.2;
				LOCALIZATION_PREFERS_STRING_CATALOGS = YES;
				MTL_ENABLE_DEBUG_INFO = NO;
				MTL_FAST_MATH = YES;
				SDKROOT = iphoneos;
				SWIFT_COMPILATION_MODE = wholemodule;
				VALIDATE_PRODUCT = YES;
			};
			name = Release;
		};
		A4DAAAFE2D9195BC00BC56D3 /* Debug */ = {
			isa = XCBuildConfiguration;
			buildSettings = {
				ASSETCATALOG_COMPILER_APPICON_NAME = AppIcon;
				ASSETCATALOG_COMPILER_GLOBAL_ACCENT_COLOR_NAME = AccentColor;
				CODE_SIGN_STYLE = Automatic;
				CURRENT_PROJECT_VERSION = 1;
				GENERATE_INFOPLIST_FILE = YES;
				INFOPLIST_FILE = WordApp/Info.plist;
				INFOPLIST_KEY_UIApplicationSupportsIndirectInputEvents = YES;
				INFOPLIST_KEY_UILaunchStoryboardName = LaunchScreen;
				INFOPLIST_KEY_UIMainStoryboardFile = Main;
				INFOPLIST_KEY_UISupportedInterfaceOrientations_iPad = "UIInterfaceOrientationPortrait UIInterfaceOrientationPortraitUpsideDown UIInterfaceOrientationLandscapeLeft UIInterfaceOrientationLandscapeRight";
				INFOPLIST_KEY_UISupportedInterfaceOrientations_iPhone = "UIInterfaceOrientationPortrait UIInterfaceOrientationLandscapeLeft UIInterfaceOrientationLandscapeRight";
				LD_RUNPATH_SEARCH_PATHS = (
					"$(inherited)",
					"@executable_path/Frameworks",
				);
				MARKETING_VERSION = 1.0;
				PRODUCT_BUNDLE_IDENTIFIER = com.skola.WordApp;
				PRODUCT_NAME = "$(TARGET_NAME)";
				SWIFT_EMIT_LOC_STRINGS = YES;
				SWIFT_VERSION = 5.0;
				TARGETED_DEVICE_FAMILY = "1,2";
			};
			name = Debug;
		};
		A4DAAAFF2D9195BC00BC56D3 /* Release */ = {
			isa = XCBuildConfiguration;
			buildSettings = {
				ASSETCATALOG_COMPILER_APPICON_NAME = AppIcon;
				ASSETCATALOG_COMPILER_GLOBAL_ACCENT_COLOR_NAME = AccentColor;
				CODE_SIGN_STYLE = Automatic;
				CURRENT_PROJECT_VERSION = 1;
				GENERATE_INFOPLIST_FILE = YES;
				INFOPLIST_FILE = WordApp/Info.plist;
				INFOPLIST_KEY_UIApplicationSupportsIndirectInputEvents = YES;
				INFOPLIST_KEY_UILaunchStoryboardName = LaunchScreen;
				INFOPLIST_KEY_UIMainStoryboardFile = Main;
				INFOPLIST_KEY_UISupportedInterfaceOrientations_iPad = "UIInterfaceOrientationPortrait UIInterfaceOrientationPortraitUpsideDown UIInterfaceOrientationLandscapeLeft UIInterfaceOrientationLandscapeRight";
				INFOPLIST_KEY_UISupportedInterfaceOrientations_iPhone = "UIInterfaceOrientationPortrait UIInterfaceOrientationLandscapeLeft UIInterfaceOrientationLandscapeRight";
				LD_RUNPATH_SEARCH_PATHS = (
					"$(inherited)",
					"@executable_path/Frameworks",
				);
				MARKETING_VERSION = 1.0;
				PRODUCT_BUNDLE_IDENTIFIER = com.skola.WordApp;
				PRODUCT_NAME = "$(TARGET_NAME)";
				SWIFT_EMIT_LOC_STRINGS = YES;
				SWIFT_VERSION = 5.0;
				TARGETED_DEVICE_FAMILY = "1,2";
			};
			name = Release;
		};
/* End XCBuildConfiguration section */

/* Begin XCConfigurationList section */
		A4DAAAE42D9195BB00BC56D3 /* Build configuration list for PBXProject "WordApp" */ = {
			isa = XCConfigurationList;
			buildConfigurations = (
				A4DAAAFB2D9195BC00BC56D3 /* Debug */,
				A4DAAAFC2D9195BC00BC56D3 /* Release */,
			);
			defaultConfigurationIsVisible = 0;
			defaultConfigurationName = Release;
		};
		A4DAAAFD2D9195BC00BC56D3 /* Build configuration list for PBXNativeTarget "WordApp" */ = {
			isa = XCConfigurationList;
			buildConfigurations = (
				A4DAAAFE2D9195BC00BC56D3 /* Debug */,
				A4DAAAFF2D9195BC00BC56D3 /* Release */,
			);
			defaultConfigurationIsVisible = 0;
			defaultConfigurationName = Release;
		};
/* End XCConfigurationList section */
	};
	rootObject = A4DAAAE12D9195BB00BC56D3 /* Project object */;
}
